
Microsoft Visual Studio Solution File, Format Version 12.00
# Visual Studio Version 17
VisualStudioVersion = 17.8.34330.188
MinimumVisualStudioVersion = 10.0.40219.1
Project("{FAE04EC0-301F-11D3-BF4B-00C04F79EFBC}") = "BusinessHelper", "BusinessHelper.csproj", "{7B06C6F9-9E5E-4CD0-AF5C-FC1A8821E05A}"
EndProject
Global
	GlobalSection(SolutionConfigurationPlatforms) = preSolution
		Debug|Any CPU = Debug|Any CPU
		Release|Any CPU = Release|Any CPU
	EndGlobalSection
	GlobalSection(ProjectConfigurationPlatforms) = postSolution
		{7B06C6F9-9E5E-4CD0-AF5C-FC1A8821E05A}.Debug|Any CPU.ActiveCfg = Debug|Any CPU
		{7B06C6F9-9E5E-4CD0-AF5C-FC1A8821E05A}.Debug|Any CPU.Build.0 = Debug|Any CPU
		{7B06C6F9-9E5E-4CD0-AF5C-FC1A8821E05A}.Release|Any CPU.ActiveCfg = Release|Any CPU
		{7B06C6F9-9E5E-4CD0-AF5C-FC1A8821E05A}.Release|Any CPU.Build.0 = Release|Any CPU
	EndGlobalSection
	GlobalSection(SolutionProperties) = preSolution
		HideSolutionNode = FALSE
	EndGlobalSection
	GlobalSection(ExtensibilityGlobals) = postSolution
		SolutionGuid = {8B954446-5C32-4FC2-8FBC-5D02AD94B4FD}
	EndGlobalSection
EndGlobal
